
Microsoft Visual Studio Solution File, Format Version 12.00
# Visual Studio 15
VisualStudioVersion = 15.0.25807.0
MinimumVisualStudioVersion = 10.0.40219.1
Project("{2150E333-8FDC-42A3-9474-1A3956D46DE8}") = "Engine", "Engine", "{152B7B11-5362-4C84-B710-19E753A47BAB}"
EndProject
Project("{2150E333-8FDC-42A3-9474-1A3956D46DE8}") = "Games", "Games", "{4D9C9F57-FFD9-464E-BB6F-E1F3A3FC04A5}"
EndProject
Project("{8BC9CEB8-8B4A-11D0-8D11-00A0C91BC942}") = "UE4", "Intermediate\ProjectFiles\UE4.vcxproj", "{F20451AE-7102-4BA4-ADF8-68477D8E9857}"
EndProject
Project("{8BC9CEB8-8B4A-11D0-8D11-00A0C91BC942}") = "FactoryGame", "Intermediate\ProjectFiles\FactoryGame.vcxproj", "{8A55D1E6-9132-410D-A11B-52A8AB55AA55}"
EndProject
Project("{2150E333-8FDC-42A3-9474-1A3956D46DE8}") = "Visualizers", "Visualizers", "{1B3B5E8B-9ABF-46B0-ADB9-2C21C8E16206}"
	ProjectSection(SolutionItems) = preProject
		..\..\..\..\..\Program Files\Epic Games\UE_4.21\Engine\Extras\VisualStudioDebugging\UE4.natvis = ..\..\..\..\..\Program Files\Epic Games\UE_4.21\Engine\Extras\VisualStudioDebugging\UE4.natvis
	EndProjectSection
EndProject
Global
	GlobalSection(SolutionConfigurationPlatforms) = preSolution
		DebugGame Editor|HTML5 = DebugGame Editor|HTML5
		DebugGame Editor|Win32 = DebugGame Editor|Win32
		DebugGame Editor|Win64 = DebugGame Editor|Win64
		DebugGame|HTML5 = DebugGame|HTML5
		DebugGame|Win32 = DebugGame|Win32
		DebugGame|Win64 = DebugGame|Win64
		Development Editor|HTML5 = Development Editor|HTML5
		Development Editor|Win32 = Development Editor|Win32
		Development Editor|Win64 = Development Editor|Win64
		Development|HTML5 = Development|HTML5
		Development|Win32 = Development|Win32
		Development|Win64 = Development|Win64
		Shipping|HTML5 = Shipping|HTML5
		Shipping|Win32 = Shipping|Win32
		Shipping|Win64 = Shipping|Win64
	EndGlobalSection
	GlobalSection(ProjectConfigurationPlatforms) = postSolution
		{F20451AE-7102-4BA4-ADF8-68477D8E9857}.DebugGame Editor|HTML5.ActiveCfg = BuiltWithUnrealBuildTool|Win32
		{F20451AE-7102-4BA4-ADF8-68477D8E9857}.DebugGame Editor|Win32.ActiveCfg = BuiltWithUnrealBuildTool|Win32
		{F20451AE-7102-4BA4-ADF8-68477D8E9857}.DebugGame Editor|Win64.ActiveCfg = BuiltWithUnrealBuildTool|Win32
		{F20451AE-7102-4BA4-ADF8-68477D8E9857}.DebugGame|HTML5.ActiveCfg = BuiltWithUnrealBuildTool|Win32
		{F20451AE-7102-4BA4-ADF8-68477D8E9857}.DebugGame|Win32.ActiveCfg = BuiltWithUnrealBuildTool|Win32
		{F20451AE-7102-4BA4-ADF8-68477D8E9857}.DebugGame|Win64.ActiveCfg = BuiltWithUnrealBuildTool|Win32
		{F20451AE-7102-4BA4-ADF8-68477D8E9857}.Development Editor|HTML5.ActiveCfg = BuiltWithUnrealBuildTool|Win32
		{F20451AE-7102-4BA4-ADF8-68477D8E9857}.Development Editor|Win32.ActiveCfg = BuiltWithUnrealBuildTool|Win32
		{F20451AE-7102-4BA4-ADF8-68477D8E9857}.Development Editor|Win64.ActiveCfg = BuiltWithUnrealBuildTool|Win32
		{F20451AE-7102-4BA4-ADF8-68477D8E9857}.Development|HTML5.ActiveCfg = BuiltWithUnrealBuildTool|Win32
		{F20451AE-7102-4BA4-ADF8-68477D8E9857}.Development|Win32.ActiveCfg = BuiltWithUnrealBuildTool|Win32
		{F20451AE-7102-4BA4-ADF8-68477D8E9857}.Development|Win64.ActiveCfg = BuiltWithUnrealBuildTool|Win32
		{F20451AE-7102-4BA4-ADF8-68477D8E9857}.Shipping|HTML5.ActiveCfg = BuiltWithUnrealBuildTool|Win32
		{F20451AE-7102-4BA4-ADF8-68477D8E9857}.Shipping|Win32.ActiveCfg = BuiltWithUnrealBuildTool|Win32
		{F20451AE-7102-4BA4-ADF8-68477D8E9857}.Shipping|Win64.ActiveCfg = BuiltWithUnrealBuildTool|Win32
		{8A55D1E6-9132-410D-A11B-52A8AB55AA55}.DebugGame Editor|HTML5.ActiveCfg = Invalid|Win32
		{8A55D1E6-9132-410D-A11B-52A8AB55AA55}.DebugGame Editor|Win32.ActiveCfg = Invalid|Win32
		{8A55D1E6-9132-410D-A11B-52A8AB55AA55}.DebugGame Editor|Win64.ActiveCfg = DebugGame_Editor|x64
		{8A55D1E6-9132-410D-A11B-52A8AB55AA55}.DebugGame Editor|Win64.Build.0 = DebugGame_Editor|x64
		{8A55D1E6-9132-410D-A11B-52A8AB55AA55}.DebugGame|HTML5.ActiveCfg = HTML5_DebugGame|Win32
		{8A55D1E6-9132-410D-A11B-52A8AB55AA55}.DebugGame|HTML5.Build.0 = HTML5_DebugGame|Win32
		{8A55D1E6-9132-410D-A11B-52A8AB55AA55}.DebugGame|Win32.ActiveCfg = DebugGame|Win32
		{8A55D1E6-9132-410D-A11B-52A8AB55AA55}.DebugGame|Win32.Build.0 = DebugGame|Win32
		{8A55D1E6-9132-410D-A11B-52A8AB55AA55}.DebugGame|Win64.ActiveCfg = DebugGame|x64
		{8A55D1E6-9132-410D-A11B-52A8AB55AA55}.DebugGame|Win64.Build.0 = DebugGame|x64
		{8A55D1E6-9132-410D-A11B-52A8AB55AA55}.Development Editor|HTML5.ActiveCfg = Invalid|Win32
		{8A55D1E6-9132-410D-A11B-52A8AB55AA55}.Development Editor|Win32.ActiveCfg = Invalid|Win32
		{8A55D1E6-9132-410D-A11B-52A8AB55AA55}.Development Editor|Win64.ActiveCfg = Development_Editor|x64
		{8A55D1E6-9132-410D-A11B-52A8AB55AA55}.Development Editor|Win64.Build.0 = Development_Editor|x64
		{8A55D1E6-9132-410D-A11B-52A8AB55AA55}.Development|HTML5.ActiveCfg = HTML5_Development|Win32
		{8A55D1E6-9132-410D-A11B-52A8AB55AA55}.Development|HTML5.Build.0 = HTML5_Development|Win32
		{8A55D1E6-9132-410D-A11B-52A8AB55AA55}.Development|Win32.ActiveCfg = Development|Win32
		{8A55D1E6-9132-410D-A11B-52A8AB55AA55}.Development|Win32.Build.0 = Development|Win32
		{8A55D1E6-9132-410D-A11B-52A8AB55AA55}.Development|Win64.ActiveCfg = Development|x64
		{8A55D1E6-9132-410D-A11B-52A8AB55AA55}.Development|Win64.Build.0 = Development|x64
		{8A55D1E6-9132-410D-A11B-52A8AB55AA55}.Shipping|HTML5.ActiveCfg = HTML5_Shipping|Win32
		{8A55D1E6-9132-410D-A11B-52A8AB55AA55}.Shipping|HTML5.Build.0 = HTML5_Shipping|Win32
		{8A55D1E6-9132-410D-A11B-52A8AB55AA55}.Shipping|Win32.ActiveCfg = Shipping|Win32
		{8A55D1E6-9132-410D-A11B-52A8AB55AA55}.Shipping|Win32.Build.0 = Shipping|Win32
		{8A55D1E6-9132-410D-A11B-52A8AB55AA55}.Shipping|Win64.ActiveCfg = Shipping|x64
		{8A55D1E6-9132-410D-A11B-52A8AB55AA55}.Shipping|Win64.Build.0 = Shipping|x64
	EndGlobalSection
	GlobalSection(SolutionProperties) = preSolution
		HideSolutionNode = FALSE
	EndGlobalSection
	GlobalSection(NestedProjects) = preSolution
		{F20451AE-7102-4BA4-ADF8-68477D8E9857} = {152B7B11-5362-4C84-B710-19E753A47BAB}
		{8A55D1E6-9132-410D-A11B-52A8AB55AA55} = {4D9C9F57-FFD9-464E-BB6F-E1F3A3FC04A5}
	EndGlobalSection
EndGlobal
